<?xml version="1.0" encoding="utf-8"?>
<Project ToolsVersion="4.0" xmlns="http://schemas.microsoft.com/developer/msbuild/2003">
  <ItemGroup>
    <Filter Include="Source Files">
      <UniqueIdentifier>{4FC737F1-C7A5-4376-A066-2A32D752A2FF}</UniqueIdentifier>
      <Extensions>cpp;c;cc;cxx;c++;cppm;ixx;def;odl;idl;hpj;bat;asm;asmx</Extensions>
    </Filter>
    <Filter Include="Header Files">
      <UniqueIdentifier>{93995380-89BD-4b04-88EB-625FBE52EBFB}</UniqueIdentifier>
      <Extensions>h;hh;hpp;hxx;h++;hm;inl;inc;ipp;xsd</Extensions>
    </Filter>
    <Filter Include="Resource Files">
      <UniqueIdentifier>{67DA6AB6-F800-4c08-8B7A-83BB121AAD01}</UniqueIdentifier>
      <Extensions>rc;ico;cur;bmp;dlg;rc2;rct;bin;rgs;gif;jpg;jpeg;jpe;resx;tiff;tif;png;wav;mfcribbon-ms</Extensions>
    </Filter>
    <Filter Include="Header Files\utils">
      <UniqueIdentifier>{2f0eb00c-a560-4637-8910-0200f127fe61}</UniqueIdentifier>
    </Filter>
    <Filter Include="Source Files\utils">
      <UniqueIdentifier>{f149d606-6a7e-4904-8ade-4548e5c1a1e0}</UniqueIdentifier>
    </Filter>
    <Filter Include="Shaders">
      <UniqueIdentifier>{cd74932c-3c35-4625-ba22-dd56e03d4d48}</UniqueIdentifier>
    </Filter>
    <Filter Include="Shaders\Core">
      <UniqueIdentifier>{609df475-f648-447a-9123-744af827eadf}</UniqueIdentifier>
    </Filter>
    <Filter Include="Header Files\models">
      <UniqueIdentifier>{57098e00-a62b-4748-84ff-660b4773a851}</UniqueIdentifier>
    </Filter>
    <Filter Include="Source Files\models">
      <UniqueIdentifier>{74ee14d8-ad1a-4e50-bfe0-4fca67e2cf0d}</UniqueIdentifier>
    </Filter>
    <Filter Include="Header Files\readers">
      <UniqueIdentifier>{4961e26c-4b18-46a9-8b45-684e8d1ba8d2}</UniqueIdentifier>
    </Filter>
    <Filter Include="Header Files\system">
      <UniqueIdentifier>{dcb77878-886e-4a86-98b5-00593e4318ed}</UniqueIdentifier>
    </Filter>
    <Filter Include="Source Files\system">
      <UniqueIdentifier>{e62f44ab-8781-4508-b638-047342063e0b}</UniqueIdentifier>
    </Filter>
    <Filter Include="Source Files\readers">
      <UniqueIdentifier>{92e05bc8-8265-49ed-9e85-be4a5699746a}</UniqueIdentifier>
    </Filter>
    <Filter Include="Shaders\Light">
      <UniqueIdentifier>{24085dbf-c65f-4d71-93b5-7af75759d1c3}</UniqueIdentifier>
    </Filter>
  </ItemGroup>
  <ItemGroup>
    <ClInclude Include="AssetManager.h">
      <Filter>Header Files\utils</Filter>
    </ClInclude>
    <ClInclude Include="Texture.h">
      <Filter>Header Files\models</Filter>
    </ClInclude>
    <ClInclude Include="Projectile.h">
      <Filter>Header Files\models</Filter>
    </ClInclude>
    <ClInclude Include="Obj3D.h">
      <Filter>Header Files\models</Filter>
    </ClInclude>
    <ClInclude Include="MeshGroup.h">
      <Filter>Header Files\models</Filter>
    </ClInclude>
    <ClInclude Include="Mesh.h">
      <Filter>Header Files\models</Filter>
    </ClInclude>
    <ClInclude Include="Material.h">
      <Filter>Header Files\models</Filter>
    </ClInclude>
    <ClInclude Include="Face.h">
      <Filter>Header Files\models</Filter>
    </ClInclude>
    <ClInclude Include="Camera.h">
      <Filter>Header Files\models</Filter>
    </ClInclude>
    <ClInclude Include="ObjReader.h">
      <Filter>Header Files\readers</Filter>
    </ClInclude>
    <ClInclude Include="System.h">
      <Filter>Header Files\system</Filter>
    </ClInclude>
    <ClInclude Include="Shader.h">
      <Filter>Header Files\system</Filter>
    </ClInclude>
    <ClInclude Include="CarAnimation.h">
      <Filter>Header Files\models</Filter>
    </ClInclude>
  </ItemGroup>
  <ItemGroup>
    <ClCompile Include="Camera.cpp">
      <Filter>Source Files\models</Filter>
    </ClCompile>
    <ClCompile Include="Face.cpp">
      <Filter>Source Files\models</Filter>
    </ClCompile>
    <ClCompile Include="Mesh.cpp">
      <Filter>Source Files\models</Filter>
    </ClCompile>
    <ClCompile Include="MeshGroup.cpp">
      <Filter>Source Files\models</Filter>
    </ClCompile>
    <ClCompile Include="Obj3D.cpp">
      <Filter>Source Files\models</Filter>
    </ClCompile>
    <ClCompile Include="Texture.cpp">
      <Filter>Source Files\models</Filter>
    </ClCompile>
    <ClCompile Include="System.cpp">
      <Filter>Source Files\system</Filter>
    </ClCompile>
    <ClCompile Include="Shader.cpp">
      <Filter>Source Files\system</Filter>
    </ClCompile>
    <ClCompile Include="ObjReader.cpp">
      <Filter>Source Files\readers</Filter>
    </ClCompile>
    <ClCompile Include="main.cpp">
      <Filter>Source Files\system</Filter>
    </ClCompile>
    <ClCompile Include="Material.cpp">
      <Filter>Source Files\models</Filter>
    </ClCompile>
    <ClCompile Include="CarAnimation.cpp">
      <Filter>Source Files\models</Filter>
    </ClCompile>
  </ItemGroup>
  <ItemGroup>
    <None Include="Shaders\Core\core.frag">
      <Filter>Shaders\Core</Filter>
    </None>
    <None Include="Shaders\Core\core.vert">
      <Filter>Shaders\Core</Filter>
    </None>
    <None Include="Shaders\Light\light.frag">
      <Filter>Shaders\Light</Filter>
    </None>
    <None Include="Shaders\Light\light.vert">
      <Filter>Shaders\Light</Filter>
    </None>
  </ItemGroup>
</Project>